// !$*UTF8*$!
{
	archiveVersion = 1;
	classes = {
	};
	objectVersion = 77;
	objects = {

/* Begin PBXBuildFile section */
		59B73ADC7892F7D436BAEE12 /* Pods_SahayMochan.framework in Frameworks */ = {isa = PBXBuildFile; fileRef = 8EA40712AB940AD6ECD645A4 /* Pods_SahayMochan.framework */; };
		FE7E0AAB2FB8AA4A0096BF26 /* Podfile in Resources */ = {isa = PBXBuildFile; fileRef = FE7E0AAA2FB8AA4A0096BF26 /* Podfile */; };
/* End PBXBuildFile section */

/* Begin PBXContainerItemProxy section */
		FE7E0A552FB89EAA0096BF26 /* PBXContainerItemProxy */ = {
			isa = PBXContainerItemProxy;
			containerPortal = FE7E0A3D2FB89EA90096BF26 /* Project object */;
			proxyType = 1;
			remoteGlobalIDString = FE7E0A442FB89EA90096BF26;
			remoteInfo = SahayMochan;
		};
		FE7E0A5F2FB89EAA0096BF26 /* PBXContainerItemProxy */ = {
			isa = PBXContainerItemProxy;
			containerPortal = FE7E0A3D2FB89EA90096BF26 /* Project object */;
			proxyType = 1;
			remoteGlobalIDString = FE7E0A442FB89EA90096BF26;
			remoteInfo = SahayMochan;
		};
/* End PBXContainerItemProxy section */

/* Begin PBXFileReference section */
		14BF0D1F67E36091413518EC /* Pods-SahayMochan.debug.xcconfig */ = {isa = PBXFileReference; includeInIndex = 1; lastKnownFileType = text.xcconfig; name = "Pods-SahayMochan.debug.xcconfig"; path = "Target Support Files/Pods-SahayMochan/Pods-SahayMochan.debug.xcconfig"; sourceTree = "<group>"; };
		8331A64D016FB7EC50B10ECB /* Pods-SahayMochan.release.xcconfig */ = {isa = PBXFileReference; includeInIndex = 1; lastKnownFileType = text.xcconfig; name = "Pods-SahayMochan.release.xcconfig"; path = "Target Support Files/Pods-SahayMochan/Pods-SahayMochan.release.xcconfig"; sourceTree = "<group>"; };
		8EA40712AB940AD6ECD645A4 /* Pods_SahayMochan.framework */ = {isa = PBXFileReference; explicitFileType = wrapper.framework; includeInIndex = 0; path = Pods_SahayMochan.framework; sourceTree = BUILT_PRODUCTS_DIR; };
		FE74724D2FF5296A001674B8 /* Info.plist */ = {isa = PBXFileReference; lastKnownFileType = text.plist.xml; path = Info.plist; sourceTree = "<group>"; };
		FE7E0A452FB89EA90096BF26 /* SahayMochan.app */ = {isa = PBXFileReference; explicitFileType = wrapper.application; includeInIndex = 0; path = SahayMochan.app; sourceTree = BUILT_PRODUCTS_DIR; };
		FE7E0A542FB89EAA0096BF26 /* SahayMochanTests.xctest */ = {isa = PBXFileReference; explicitFileType = wrapper.cfbundle; includeInIndex = 0; path = SahayMochanTests.xctest; sourceTree = BUILT_PRODUCTS_DIR; };
		FE7E0A5E2FB89EAA0096BF26 /* SahayMochanUITests.xctest */ = {isa = PBXFileReference; explicitFileType = wrapper.cfbundle; includeInIndex = 0; path = SahayMochanUITests.xctest; sourceTree = BUILT_PRODUCTS_DIR; };
		FE7E0AAA2FB8AA4A0096BF26 /* Podfile */ = {isa = PBXFileReference; lastKnownFileType = text; path = Podfile; sourceTree = "<group>"; xcLanguageSpecificationIdentifier = xcode.lang.ruby; };
/* End PBXFileReference section */

/* Begin PBXFileSystemSynchronizedRootGroup section */
		FE7E0A472FB89EA90096BF26 /* SahayMochan */ = {
			isa = PBXFileSystemSynchronizedRootGroup;
			path = SahayMochan;
			sourceTree = "<group>";
		};
		FE7E0A572FB89EAA0096BF26 /* SahayMochanTests */ = {
			isa = PBXFileSystemSynchronizedRootGroup;
			path = SahayMochanTests;
			sourceTree = "<group>";
		};
		FE7E0A612FB89EAA0096BF26 /* SahayMochanUITests */ = {
			isa = PBXFileSystemSynchronizedRootGroup;
			path = SahayMochanUITests;
			sourceTree = "<group>";
		};
/* End PBXFileSystemSynchronizedRootGroup section */

/* Begin PBXFrameworksBuildPhase section */
		FE7E0A422FB89EA90096BF26 /* Frameworks */ = {
			isa = PBXFrameworksBuildPhase;
			buildActionMask = 2147483647;
			files = (
				59B73ADC7892F7D436BAEE12 /* Pods_SahayMochan.framework in Frameworks */,
			);
			runOnlyForDeploymentPostprocessing = 0;
		};
		FE7E0A512FB89EAA0096BF26 /* Frameworks */ = {
			isa = PBXFrameworksBuildPhase;
			buildActionMask = 2147483647;
			files = (
			);
			runOnlyForDeploymentPostprocessing = 0;
		};
		FE7E0A5B2FB89EAA0096BF26 /* Frameworks */ = {
			isa = PBXFrameworksBuildPhase;
			buildActionMask = 2147483647;
			files = (
			);
			runOnlyForDeploymentPostprocessing = 0;
		};
/* End PBXFrameworksBuildPhase section */

/* Begin PBXGroup section */
		4720968834DF4C834FA776AA /* Frameworks */ = {
			isa = PBXGroup;
			children = (
				8EA40712AB940AD6ECD645A4 /* Pods_SahayMochan.framework */,
			);
			name = Frameworks;
			sourceTree = "<group>";
		};
		A4C1AE743DC0AFF91FB7CA67 /* Pods */ = {
			isa = PBXGroup;
			children = (
				14BF0D1F67E36091413518EC /* Pods-SahayMochan.debug.xcconfig */,
				8331A64D016FB7EC50B10ECB /* Pods-SahayMochan.release.xcconfig */,
			);
			path = Pods;
			sourceTree = "<group>";
		};
		FE7E0A3C2FB89EA90096BF26 = {
			isa = PBXGroup;
			children = (
				FE74724D2FF5296A001674B8 /* Info.plist */,
				FE7E0A472FB89EA90096BF26 /* SahayMochan */,
				FE7E0A572FB89EAA0096BF26 /* SahayMochanTests */,
				FE7E0A612FB89EAA0096BF26 /* SahayMochanUITests */,
				FE7E0A462FB89EA90096BF26 /* Products */,
				FE7E0AAA2FB8AA4A0096BF26 /* Podfile */,
				A4C1AE743DC0AFF91FB7CA67 /* Pods */,
				4720968834DF4C834FA776AA /* Frameworks */,
			);
			sourceTree = "<group>";
		};
		FE7E0A462FB89EA90096BF26 /* Products */ = {
			isa = PBXGroup;
			children = (
				FE7E0A452FB89EA90096BF26 /* SahayMochan.app */,
				FE7E0A542FB89EAA0096BF26 /* SahayMochanTests.xctest */,
				FE7E0A5E2FB89EAA0096BF26 /* SahayMochanUITests.xctest */,
			);
			name = Products;
			sourceTree = "<group>";
		};
/* End PBXGroup section */

/* Begin PBXNativeTarget section */
		FE7E0A442FB89EA90096BF26 /* SahayMochan */ = {
			isa = PBXNativeTarget;
			buildConfigurationList = FE7E0A682FB89EAA0096BF26 /* Build configuration list for PBXNativeTarget "SahayMochan" */;
			buildPhases = (
				93D40E478D12E922B99CBA0E /* [CP] Check Pods Manifest.lock */,
				FE7E0A412FB89EA90096BF26 /* Sources */,
				FE7E0A422FB89EA90096BF26 /* Frameworks */,
				FE7E0A432FB89EA90096BF26 /* Resources */,
				E1E42EC06DE3B34A4F21259C /* [CP] Embed Pods Frameworks */,
				2AB9C6E0C0BA93D3600A87D9 /* [CP] Copy Pods Resources */,
			);
			buildRules = (
			);
			dependencies = (
			);
			fileSystemSynchronizedGroups = (
				FE7E0A472FB89EA90096BF26 /* SahayMochan */,
			);
			name = SahayMochan;
			productName = SahayMochan;
			productReference = FE7E0A452FB89EA90096BF26 /* SahayMochan.app */;
			productType = "com.apple.product-type.application";
		};
		FE7E0A532FB89EAA0096BF26 /* SahayMochanTests */ = {
			isa = PBXNativeTarget;
			buildConfigurationList = FE7E0A6B2FB89EAA0096BF26 /* Build configuration list for PBXNativeTarget "SahayMochanTests" */;
			buildPhases = (
				FE7E0A502FB89EAA0096BF26 /* Sources */,
				FE7E0A512FB89EAA0096BF26 /* Frameworks */,
				FE7E0A522FB89EAA0096BF26 /* Resources */,
			);
			buildRules = (
			);
			dependencies = (
				FE7E0A562FB89EAA0096BF26 /* PBXTargetDependency */,
			);
			fileSystemSynchronizedGroups = (
				FE7E0A572FB89EAA0096BF26 /* SahayMochanTests */,
			);
			name = SahayMochanTests;
			productName = SahayMochanTests;
			productReference = FE7E0A542FB89EAA0096BF26 /* SahayMochanTests.xctest */;
			productType = "com.apple.product-type.bundle.unit-test";
		};
		FE7E0A5D2FB89EAA0096BF26 /* SahayMochanUITests */ = {
			isa = PBXNativeTarget;
			buildConfigurationList = FE7E0A6E2FB89EAA0096BF26 /* Build configuration list for PBXNativeTarget "SahayMochanUITests" */;
			buildPhases = (
				FE7E0A5A2FB89EAA0096BF26 /* Sources */,
				FE7E0A5B2FB89EAA0096BF26 /* Frameworks */,
				FE7E0A5C2FB89EAA0096BF26 /* Resources */,
			);
			buildRules = (
			);
			dependencies = (
				FE7E0A602FB89EAA0096BF26 /* PBXTargetDependency */,
			);
			fileSystemSynchronizedGroups = (
				FE7E0A612FB89EAA0096BF26 /* SahayMochanUITests */,
			);
			name = SahayMochanUITests;
			productName = SahayMochanUITests;
			productReference = FE7E0A5E2FB89EAA0096BF26 /* SahayMochanUITests.xctest */;
			productType = "com.apple.product-type.bundle.ui-testing";
		};
/* End PBXNativeTarget section */

/* Begin PBXProject section */
		FE7E0A3D2FB89EA90096BF26 /* Project object */ = {
			isa = PBXProject;
			attributes = {
				BuildIndependentTargetsInParallel = 1;
				LastSwiftUpdateCheck = 2650;
				LastUpgradeCheck = 2650;
				TargetAttributes = {
					FE7E0A442FB89EA90096BF26 = {
						CreatedOnToolsVersion = 26.5;
					};
					FE7E0A532FB89EAA0096BF26 = {
						CreatedOnToolsVersion = 26.5;
						TestTargetID = FE7E0A442FB89EA90096BF26;
					};
					FE7E0A5D2FB89EAA0096BF26 = {
						CreatedOnToolsVersion = 26.5;
						TestTargetID = FE7E0A442FB89EA90096BF26;
					};
				};
			};
			buildConfigurationList = FE7E0A402FB89EA90096BF26 /* Build configuration list for PBXProject "SahayMochan" */;
			developmentRegion = en;
			hasScannedForEncodings = 0;
			knownRegions = (
				en,
				Base,
			);
			mainGroup = FE7E0A3C2FB89EA90096BF26;
			minimizedProjectReferenceProxies = 1;
			packageReferences = (
				FE7E0A712FB8A59B0096BF26 /* XCRemoteSwiftPackageReference "tensorflow" */,
			);
			preferredProjectObjectVersion = 77;
			productRefGroup = FE7E0A462FB89EA90096BF26 /* Products */;
			projectDirPath = "";
			projectRoot = "";
			targets = (
				FE7E0A442FB89EA90096BF26 /* SahayMochan */,
				FE7E0A532FB89EAA0096BF26 /* SahayMochanTests */,
				FE7E0A5D2FB89EAA0096BF26 /* SahayMochanUITests */,
			);
		};
/* End PBXProject section */

/* Begin PBXResourcesBuildPhase section */
		FE7E0A432FB89EA90096BF26 /* Resources */ = {
			isa = PBXResourcesBuildPhase;
			buildActionMask = 2147483647;
			files = (
				FE7E0AAB2FB8AA4A0096BF26 /* Podfile in Resources */,
			);
			runOnlyForDeploymentPostprocessing = 0;
		};
		FE7E0A522FB89EAA0096BF26 /* Resources */ = {
			isa = PBXResourcesBuildPhase;
			buildActionMask = 2147483647;
			files = (
			);
			runOnlyForDeploymentPostprocessing = 0;
		};
		FE7E0A5C2FB89EAA0096BF26 /* Resources */ = {
			isa = PBXResourcesBuildPhase;
			buildActionMask = 2147483647;
			files = (
			);
			runOnlyForDeploymentPostprocessing = 0;
		};
/* End PBXResourcesBuildPhase section */

/* Begin PBXShellScriptBuildPhase section */
		2AB9C6E0C0BA93D3600A87D9 /* [CP] Copy Pods Resources */ = {
			isa = PBXShellScriptBuildPhase;
			buildActionMask = 2147483647;
			files = (
			);
			inputFileListPaths = (
				"${PODS_ROOT}/Target Support Files/Pods-SahayMochan/Pods-SahayMochan-resources-${CONFIGURATION}-input-files.xcfilelist",
			);
			inputPaths = (
			);
			name = "[CP] Copy Pods Resources";
			outputFileListPaths = (
				"${PODS_ROOT}/Target Support Files/Pods-SahayMochan/Pods-SahayMochan-resources-${CONFIGURATION}-output-files.xcfilelist",
			);
			outputPaths = (
			);
			runOnlyForDeploymentPostprocessing = 0;
			shellPath = /bin/sh;
			shellScript = "\"${PODS_ROOT}/Target Support Files/Pods-SahayMochan/Pods-SahayMochan-resources.sh\"\n";
			showEnvVarsInLog = 0;
		};
		93D40E478D12E922B99CBA0E /* [CP] Check Pods Manifest.lock */ = {
			isa = PBXShellScriptBuildPhase;
			buildActionMask = 2147483647;
			files = (
			);
			inputFileListPaths = (
			);
			inputPaths = (
				"${PODS_PODFILE_DIR_PATH}/Podfile.lock",
				"${PODS_ROOT}/Manifest.lock",
			);
			name = "[CP] Check Pods Manifest.lock";
			outputFileListPaths = (
			);
			outputPaths = (
				"$(DERIVED_FILE_DIR)/Pods-SahayMochan-checkManifestLockResult.txt",
			);
			runOnlyForDeploymentPostprocessing = 0;
			shellPath = /bin/sh;
			shellScript = "diff \"${PODS_PODFILE_DIR_PATH}/Podfile.lock\" \"${PODS_ROOT}/Manifest.lock\" > /dev/null\nif [ $? != 0 ] ; then\n    # print error to STDERR\n    echo \"error: The sandbox is not in sync with the Podfile.lock. Run 'pod install' or update your CocoaPods installation.\" >&2\n    exit 1\nfi\n# This output is used by Xcode 'outputs' to avoid re-running this script phase.\necho \"SUCCESS\" > \"${SCRIPT_OUTPUT_FILE_0}\"\n";
			showEnvVarsInLog = 0;
		};
		E1E42EC06DE3B34A4F21259C /* [CP] Embed Pods Frameworks */ = {
			isa = PBXShellScriptBuildPhase;
			buildActionMask = 2147483647;
			files = (
			);
			inputFileListPaths = (
				"${PODS_ROOT}/Target Support Files/Pods-SahayMochan/Pods-SahayMochan-frameworks-${CONFIGURATION}-input-files.xcfilelist",
			);
			inputPaths = (
			);
			name = "[CP] Embed Pods Frameworks";
			outputFileListPaths = (
				"${PODS_ROOT}/Target Support Files/Pods-SahayMochan/Pods-SahayMochan-frameworks-${CONFIGURATION}-output-files.xcfilelist",
			);
			outputPaths = (
			);
			runOnlyForDeploymentPostprocessing = 0;
			shellPath = /bin/sh;
			shellScript = "\"${PODS_ROOT}/Target Support Files/Pods-SahayMochan/Pods-SahayMochan-frameworks.sh\"\n";
			showEnvVarsInLog = 0;
		};
/* End PBXShellScriptBuildPhase section */

/* Begin PBXSourcesBuildPhase section */
		FE7E0A412FB89EA90096BF26 /* Sources */ = {
			isa = PBXSourcesBuildPhase;
			buildActionMask = 2147483647;
			files = (
			);
			runOnlyForDeploymentPostprocessing = 0;
		};
		FE7E0A502FB89EAA0096BF26 /* Sources */ = {
			isa = PBXSourcesBuildPhase;
			buildActionMask = 2147483647;
			files = (
			);
			runOnlyForDeploymentPostprocessing = 0;
		};
		FE7E0A5A2FB89EAA0096BF26 /* Sources */ = {
			isa = PBXSourcesBuildPhase;
			buildActionMask = 2147483647;
			files = (
			);
			runOnlyForDeploymentPostprocessing = 0;
		};
/* End PBXSourcesBuildPhase section */

/* Begin PBXTargetDependency section */
		FE7E0A562FB89EAA0096BF26 /* PBXTargetDependency */ = {
			isa = PBXTargetDependency;
			target = FE7E0A442FB89EA90096BF26 /* SahayMochan */;
			targetProxy = FE7E0A552FB89EAA0096BF26 /* PBXContainerItemProxy */;
		};
		FE7E0A602FB89EAA0096BF26 /* PBXTargetDependency */ = {
			isa = PBXTargetDependency;
			target = FE7E0A442FB89EA90096BF26 /* SahayMochan */;
			targetProxy = FE7E0A5F2FB89EAA0096BF26 /* PBXContainerItemProxy */;
		};
/* End PBXTargetDependency section */

/* Begin XCBuildConfiguration section */
		FE7E0A662FB89EAA0096BF26 /* Debug */ = {
			isa = XCBuildConfiguration;
			buildSettings = {
				ALWAYS_SEARCH_USER_PATHS = NO;
				ASSETCATALOG_COMPILER_GENERATE_SWIFT_ASSET_SYMBOL_EXTENSIONS = YES;
				CLANG_ANALYZER_NONNULL = YES;
				CLANG_ANALYZER_NUMBER_OBJECT_CONVERSION = YES_AGGRESSIVE;
				CLANG_CXX_LANGUAGE_STANDARD = "gnu++20";
				CLANG_ENABLE_MODULES = YES;
				CLANG_ENABLE_OBJC_ARC = YES;
				CLANG_ENABLE_OBJC_WEAK = YES;
				CLANG_WARN_BLOCK_CAPTURE_AUTORELEASING = YES;
				CLANG_WARN_BOOL_CONVERSION = YES;
				CLANG_WARN_COMMA = YES;
				CLANG_WARN_CONSTANT_CONVERSION = YES;
				CLANG_WARN_DEPRECATED_OBJC_IMPLEMENTATIONS = YES;
				CLANG_WARN_DIRECT_OBJC_ISA_USAGE = YES_ERROR;
				CLANG_WARN_DOCUMENTATION_COMMENTS = YES;
				CLANG_WARN_EMPTY_BODY = YES;
				CLANG_WARN_ENUM_CONVERSION = YES;
				CLANG_WARN_INFINITE_RECURSION = YES;
				CLANG_WARN_INT_CONVERSION = YES;
				CLANG_WARN_NON_LITERAL_NULL_CONVERSION = YES;
				CLANG_WARN_OBJC_IMPLICIT_RETAIN_SELF = YES;
				CLANG_WARN_OBJC_LITERAL_CONVERSION = YES;
				CLANG_WARN_OBJC_ROOT_CLASS = YES_ERROR;
				CLANG_WARN_QUOTED_INCLUDE_IN_FRAMEWORK_HEADER = YES;
				CLANG_WARN_RANGE_LOOP_ANALYSIS = YES;
				CLANG_WARN_STRICT_PROTOTYPES = YES;
				CLANG_WARN_SUSPICIOUS_MOVE = YES;
				CLANG_WARN_UNGUARDED_AVAILABILITY = YES_AGGRESSIVE;
				CLANG_WARN_UNREACHABLE_CODE = YES;
				CLANG_WARN__DUPLICATE_METHOD_MATCH = YES;
				COPY_PHASE_STRIP = NO;
				DEBUG_INFORMATION_FORMAT = dwarf;
				ENABLE_STRICT_OBJC_MSGSEND = YES;
				ENABLE_TESTABILITY = YES;
				ENABLE_USER_SCRIPT_SANDBOXING = YES;
				GCC_C_LANGUAGE_STANDARD = gnu17;
				GCC_DYNAMIC_NO_PIC = NO;
				GCC_NO_COMMON_BLOCKS = YES;
				GCC_OPTIMIZATION_LEVEL = 0;
				GCC_PREPROCESSOR_DEFINITIONS = (
					"DEBUG=1",
					"$(inherited)",
				);
				GCC_WARN_64_TO_32_BIT_CONVERSION = YES;
				GCC_WARN_ABOUT_RETURN_TYPE = YES_ERROR;
				GCC_WARN_UNDECLARED_SELECTOR = YES;
				GCC_WARN_UNINITIALIZED_AUTOS = YES_AGGRESSIVE;
				GCC_WARN_UNUSED_FUNCTION = YES;
				GCC_WARN_UNUSED_VARIABLE = YES;
				IPHONEOS_DEPLOYMENT_TARGET = 26.5;
				LOCALIZATION_PREFERS_STRING_CATALOGS = YES;
				MTL_ENABLE_DEBUG_INFO = INCLUDE_SOURCE;
				MTL_FAST_MATH = YES;
				ONLY_ACTIVE_ARCH = YES;
				SDKROOT = iphoneos;
				SWIFT_ACTIVE_COMPILATION_CONDITIONS = "DEBUG $(inherited)";
				SWIFT_OPTIMIZATION_LEVEL = "-Onone";
			};
			name = Debug;
		};
		FE7E0A672FB89EAA0096BF26 /* Release */ = {
			isa = XCBuildConfiguration;
			buildSettings = {
				ALWAYS_SEARCH_USER_PATHS = NO;
				ASSETCATALOG_COMPILER_GENERATE_SWIFT_ASSET_SYMBOL_EXTENSIONS = YES;
				CLANG_ANALYZER_NONNULL = YES;
				CLANG_ANALYZER_NUMBER_OBJECT_CONVERSION = YES_AGGRESSIVE;
				CLANG_CXX_LANGUAGE_STANDARD = "gnu++20";
				CLANG_ENABLE_MODULES = YES;
				CLANG_ENABLE_OBJC_ARC = YES;
				CLANG_ENABLE_OBJC_WEAK = YES;
				CLANG_WARN_BLOCK_CAPTURE_AUTORELEASING = YES;
				CLANG_WARN_BOOL_CONVERSION = YES;
				CLANG_WARN_COMMA = YES;
				CLANG_WARN_CONSTANT_CONVERSION = YES;
				CLANG_WARN_DEPRECATED_OBJC_IMPLEMENTATIONS = YES;
				CLANG_WARN_DIRECT_OBJC_ISA_USAGE = YES_ERROR;
				CLANG_WARN_DOCUMENTATION_COMMENTS = YES;
				CLANG_WARN_EMPTY_BODY = YES;
				CLANG_WARN_ENUM_CONVERSION = YES;
				CLANG_WARN_INFINITE_RECURSION = YES;
				CLANG_WARN_INT_CONVERSION = YES;
				CLANG_WARN_NON_LITERAL_NULL_CONVERSION = YES;
				CLANG_WARN_OBJC_IMPLICIT_RETAIN_SELF = YES;
				CLANG_WARN_OBJC_LITERAL_CONVERSION = YES;
				CLANG_WARN_OBJC_ROOT_CLASS = YES_ERROR;
				CLANG_WARN_QUOTED_INCLUDE_IN_FRAMEWORK_HEADER = YES;
				CLANG_WARN_RANGE_LOOP_ANALYSIS = YES;
				CLANG_WARN_STRICT_PROTOTYPES = YES;
				CLANG_WARN_SUSPICIOUS_MOVE = YES;
				CLANG_WARN_UNGUARDED_AVAILABILITY = YES_AGGRESSIVE;
				CLANG_WARN_UNREACHABLE_CODE = YES;
				CLANG_WARN__DUPLICATE_METHOD_MATCH = YES;
				COPY_PHASE_STRIP = NO;
				DEBUG_INFORMATION_FORMAT = "dwarf-with-dsym";
				ENABLE_NS_ASSERTIONS = NO;
				ENABLE_STRICT_OBJC_MSGSEND = YES;
				ENABLE_USER_SCRIPT_SANDBOXING = YES;
				GCC_C_LANGUAGE_STANDARD = gnu17;
				GCC_NO_COMMON_BLOCKS = YES;
				GCC_WARN_64_TO_32_BIT_CONVERSION = YES;
				GCC_WARN_ABOUT_RETURN_TYPE = YES_ERROR;
				GCC_WARN_UNDECLARED_SELECTOR = YES;
				GCC_WARN_UNINITIALIZED_AUTOS = YES_AGGRESSIVE;
				GCC_WARN_UNUSED_FUNCTION = YES;
				GCC_WARN_UNUSED_VARIABLE = YES;
				IPHONEOS_DEPLOYMENT_TARGET = 26.5;
				LOCALIZATION_PREFERS_STRING_CATALOGS = YES;
				MTL_ENABLE_DEBUG_INFO = NO;
				MTL_FAST_MATH = YES;
				SDKROOT = iphoneos;
				SWIFT_COMPILATION_MODE = wholemodule;
				VALIDATE_PRODUCT = YES;
			};
			name = Release;
		};
		FE7E0A692FB89EAA0096BF26 /* Debug */ = {
			isa = XCBuildConfiguration;
			baseConfigurationReference = 14BF0D1F67E36091413518EC /* Pods-SahayMochan.debug.xcconfig */;
			buildSettings = {
				ASSETCATALOG_COMPILER_APPICON_NAME = AppIcon;
				ASSETCATALOG_COMPILER_GLOBAL_ACCENT_COLOR_NAME = AccentColor;
				ASSETCATALOG_COMPILER_INCLUDE_ALL_APPICON_ASSETS = YES;
				CODE_SIGN_STYLE = Automatic;
				CURRENT_PROJECT_VERSION = 1;
				DEVELOPMENT_TEAM = 258DS986PS;
				ENABLE_PREVIEWS = YES;
				ENABLE_USER_SCRIPT_SANDBOXING = NO;
				GENERATE_INFOPLIST_FILE = NO;
				INFOPLIST_FILE = Info.plist;
				INFOPLIST_KEY_NSCameraUsageDescription = "Camera access is needed for facial analysis";
				INFOPLIST_KEY_NSMicrophoneUsageDescription = "Microphone accsess is needed for recording ";
				INFOPLIST_KEY_UIApplicationSceneManifest_Generation = YES;
				INFOPLIST_KEY_UIApplicationSupportsIndirectInputEvents = YES;
				INFOPLIST_KEY_UILaunchScreen_Generation = YES;
				INFOPLIST_KEY_UISupportedInterfaceOrientations_iPad = "UIInterfaceOrientationPortrait UIInterfaceOrientationPortraitUpsideDown UIInterfaceOrientationLandscapeLeft UIInterfaceOrientationLandscapeRight";
				INFOPLIST_KEY_UISupportedInterfaceOrientations_iPhone = "UIInterfaceOrientationPortrait UIInterfaceOrientationLandscapeLeft UIInterfaceOrientationLandscapeRight";
				IPHONEOS_DEPLOYMENT_TARGET = 17.0;
				LD_RUNPATH_SEARCH_PATHS = (
					"$(inherited)",
					"@executable_path/Frameworks",
				);
				MARKETING_VERSION = 1.0;
				"OTHER_LDFLAGS[arch=*]" = (
					"$(inherited)",
					"-ObjC",
					"-l\"c++\"",
					"-framework",
					"\"TensorFlowLite\"",
					"-framework",
					"\"TensorFlowLiteC\"",
					"-framework",
					"\"TensorFlowLiteSelectTfOps\"",
					"-weak_framework",
					"\"CoreML\"",
					"-force_load",
					"$(PODS_ROOT)/TensorFlowLiteSelectTfOps/Frameworks/TensorFlowLiteSelectTfOps.xcframework/ios-arm64/TensorFlowLiteSelectTfOps.framework/TensorFlowLiteSelectTfOps",
				);
				PRODUCT_BUNDLE_IDENTIFIER = com.sudip.sahaymochan;
				PRODUCT_NAME = "$(TARGET_NAME)";
				STRING_CATALOG_GENERATE_SYMBOLS = YES;
				SWIFT_APPROACHABLE_CONCURRENCY = YES;
				SWIFT_DEFAULT_ACTOR_ISOLATION = MainActor;
				SWIFT_EMIT_LOC_STRINGS = YES;
				SWIFT_UPCOMING_FEATURE_MEMBER_IMPORT_VISIBILITY = YES;
				SWIFT_VERSION = 5.0;
				TARGETED_DEVICE_FAMILY = "1,2";
			};
			name = Debug;
		};
		FE7E0A6A2FB89EAA0096BF26 /* Release */ = {
			isa = XCBuildConfiguration;
			baseConfigurationReference = 8331A64D016FB7EC50B10ECB /* Pods-SahayMochan.release.xcconfig */;
			buildSettings = {
				ASSETCATALOG_COMPILER_APPICON_NAME = AppIcon;
				ASSETCATALOG_COMPILER_GLOBAL_ACCENT_COLOR_NAME = AccentColor;
				ASSETCATALOG_COMPILER_INCLUDE_ALL_APPICON_ASSETS = YES;
				CODE_SIGN_STYLE = Automatic;
				CURRENT_PROJECT_VERSION = 1;
				DEVELOPMENT_TEAM = 258DS986PS;
				ENABLE_PREVIEWS = YES;
				ENABLE_USER_SCRIPT_SANDBOXING = NO;
				GENERATE_INFOPLIST_FILE = NO;
				INFOPLIST_FILE = Info.plist;
				INFOPLIST_KEY_NSCameraUsageDescription = "Camera access is needed for facial analysis";
				INFOPLIST_KEY_NSMicrophoneUsageDescription = "Microphone accsess is needed for recording ";
				INFOPLIST_KEY_UIApplicationSceneManifest_Generation = YES;
				INFOPLIST_KEY_UIApplicationSupportsIndirectInputEvents = YES;
				INFOPLIST_KEY_UILaunchScreen_Generation = YES;
				INFOPLIST_KEY_UISupportedInterfaceOrientations_iPad = "UIInterfaceOrientationPortrait UIInterfaceOrientationPortraitUpsideDown UIInterfaceOrientationLandscapeLeft UIInterfaceOrientationLandscapeRight";
				INFOPLIST_KEY_UISupportedInterfaceOrientations_iPhone = "UIInterfaceOrientationPortrait UIInterfaceOrientationLandscapeLeft UIInterfaceOrientationLandscapeRight";
				IPHONEOS_DEPLOYMENT_TARGET = 17.0;
				LD_RUNPATH_SEARCH_PATHS = (
					"$(inherited)",
					"@executable_path/Frameworks",
				);
				MARKETING_VERSION = 1.0;
				"OTHER_LDFLAGS[arch=*]" = (
					"$(inherited)",
					"-ObjC",
					"-l\"c++\"",
					"-framework",
					"\"TensorFlowLite\"",
					"-framework",
					"\"TensorFlowLiteC\"",
					"-framework",
					"\"TensorFlowLiteSelectTfOps\"",
					"-weak_framework",
					"\"CoreML\"",
					"-force_load",
					"$(PODS_ROOT)/TensorFlowLiteSelectTfOps/Frameworks/TensorFlowLiteSelectTfOps.xcframework/ios-arm64/TensorFlowLiteSelectTfOps.framework/TensorFlowLiteSelectTfOps",
				);
				PRODUCT_BUNDLE_IDENTIFIER = com.sudip.sahaymochan;
				PRODUCT_NAME = "$(TARGET_NAME)";
				STRING_CATALOG_GENERATE_SYMBOLS = YES;
				SWIFT_APPROACHABLE_CONCURRENCY = YES;
				SWIFT_DEFAULT_ACTOR_ISOLATION = MainActor;
				SWIFT_EMIT_LOC_STRINGS = YES;
				SWIFT_UPCOMING_FEATURE_MEMBER_IMPORT_VISIBILITY = YES;
				SWIFT_VERSION = 5.0;
				TARGETED_DEVICE_FAMILY = "1,2";
			};
			name = Release;
		};
		FE7E0A6C2FB89EAA0096BF26 /* Debug */ = {
			isa = XCBuildConfiguration;
			buildSettings = {
				BUNDLE_LOADER = "$(TEST_HOST)";
				CODE_SIGN_STYLE = Automatic;
				CURRENT_PROJECT_VERSION = 1;
				DEVELOPMENT_TEAM = KT5B8U8Y8X;
				ENABLE_USER_SCRIPT_SANDBOXING = NO;
				GENERATE_INFOPLIST_FILE = YES;
				IPHONEOS_DEPLOYMENT_TARGET = 26.5;
				MARKETING_VERSION = 1.0;
				PRODUCT_BUNDLE_IDENTIFIER = com.sahaymochan.SahayMochanTests;
				PRODUCT_NAME = "$(TARGET_NAME)";
				STRING_CATALOG_GENERATE_SYMBOLS = NO;
				SWIFT_APPROACHABLE_CONCURRENCY = YES;
				SWIFT_EMIT_LOC_STRINGS = NO;
				SWIFT_UPCOMING_FEATURE_MEMBER_IMPORT_VISIBILITY = YES;
				SWIFT_VERSION = 5.0;
				TARGETED_DEVICE_FAMILY = "1,2";
				TEST_HOST = "$(BUILT_PRODUCTS_DIR)/SahayMochan.app/$(BUNDLE_EXECUTABLE_FOLDER_PATH)/SahayMochan";
			};
			name = Debug;
		};
		FE7E0A6D2FB89EAA0096BF26 /* Release */ = {
			isa = XCBuildConfiguration;
			buildSettings = {
				BUNDLE_LOADER = "$(TEST_HOST)";
				CODE_SIGN_STYLE = Automatic;
				CURRENT_PROJECT_VERSION = 1;
				DEVELOPMENT_TEAM = KT5B8U8Y8X;
				ENABLE_USER_SCRIPT_SANDBOXING = NO;
				GENERATE_INFOPLIST_FILE = YES;
				IPHONEOS_DEPLOYMENT_TARGET = 26.5;
				MARKETING_VERSION = 1.0;
				PRODUCT_BUNDLE_IDENTIFIER = com.sahaymochan.SahayMochanTests;
				PRODUCT_NAME = "$(TARGET_NAME)";
				STRING_CATALOG_GENERATE_SYMBOLS = NO;
				SWIFT_APPROACHABLE_CONCURRENCY = YES;
				SWIFT_EMIT_LOC_STRINGS = NO;
				SWIFT_UPCOMING_FEATURE_MEMBER_IMPORT_VISIBILITY = YES;
				SWIFT_VERSION = 5.0;
				TARGETED_DEVICE_FAMILY = "1,2";
				TEST_HOST = "$(BUILT_PRODUCTS_DIR)/SahayMochan.app/$(BUNDLE_EXECUTABLE_FOLDER_PATH)/SahayMochan";
			};
			name = Release;
		};
		FE7E0A6F2FB89EAA0096BF26 /* Debug */ = {
			isa = XCBuildConfiguration;
			buildSettings = {
				CODE_SIGN_STYLE = Automatic;
				CURRENT_PROJECT_VERSION = 1;
				DEVELOPMENT_TEAM = KT5B8U8Y8X;
				ENABLE_USER_SCRIPT_SANDBOXING = NO;
				GENERATE_INFOPLIST_FILE = YES;
				MARKETING_VERSION = 1.0;
				PRODUCT_BUNDLE_IDENTIFIER = com.sahaymochan.SahayMochanUITests;
				PRODUCT_NAME = "$(TARGET_NAME)";
				STRING_CATALOG_GENERATE_SYMBOLS = NO;
				SWIFT_APPROACHABLE_CONCURRENCY = YES;
				SWIFT_EMIT_LOC_STRINGS = NO;
				SWIFT_UPCOMING_FEATURE_MEMBER_IMPORT_VISIBILITY = YES;
				SWIFT_VERSION = 5.0;
				TARGETED_DEVICE_FAMILY = "1,2";
				TEST_TARGET_NAME = SahayMochan;
			};
			name = Debug;
		};
		FE7E0A702FB89EAA0096BF26 /* Release */ = {
			isa = XCBuildConfiguration;
			buildSettings = {
				CODE_SIGN_STYLE = Automatic;
				CURRENT_PROJECT_VERSION = 1;
				DEVELOPMENT_TEAM = KT5B8U8Y8X;
				ENABLE_USER_SCRIPT_SANDBOXING = NO;
				GENERATE_INFOPLIST_FILE = YES;
				MARKETING_VERSION = 1.0;
				PRODUCT_BUNDLE_IDENTIFIER = com.sahaymochan.SahayMochanUITests;
				PRODUCT_NAME = "$(TARGET_NAME)";
				STRING_CATALOG_GENERATE_SYMBOLS = NO;
				SWIFT_APPROACHABLE_CONCURRENCY = YES;
				SWIFT_EMIT_LOC_STRINGS = NO;
				SWIFT_UPCOMING_FEATURE_MEMBER_IMPORT_VISIBILITY = YES;
				SWIFT_VERSION = 5.0;
				TARGETED_DEVICE_FAMILY = "1,2";
				TEST_TARGET_NAME = SahayMochan;
			};
			name = Release;
		};
/* End XCBuildConfiguration section */

/* Begin XCConfigurationList section */
		FE7E0A402FB89EA90096BF26 /* Build configuration list for PBXProject "SahayMochan" */ = {
			isa = XCConfigurationList;
			buildConfigurations = (
				FE7E0A662FB89EAA0096BF26 /* Debug */,
				FE7E0A672FB89EAA0096BF26 /* Release */,
			);
			defaultConfigurationIsVisible = 0;
			defaultConfigurationName = Release;
		};
		FE7E0A682FB89EAA0096BF26 /* Build configuration list for PBXNativeTarget "SahayMochan" */ = {
			isa = XCConfigurationList;
			buildConfigurations = (
				FE7E0A692FB89EAA0096BF26 /* Debug */,
				FE7E0A6A2FB89EAA0096BF26 /* Release */,
			);
			defaultConfigurationIsVisible = 0;
			defaultConfigurationName = Release;
		};
		FE7E0A6B2FB89EAA0096BF26 /* Build configuration list for PBXNativeTarget "SahayMochanTests" */ = {
			isa = XCConfigurationList;
			buildConfigurations = (
				FE7E0A6C2FB89EAA0096BF26 /* Debug */,
				FE7E0A6D2FB89EAA0096BF26 /* Release */,
			);
			defaultConfigurationIsVisible = 0;
			defaultConfigurationName = Release;
		};
		FE7E0A6E2FB89EAA0096BF26 /* Build configuration list for PBXNativeTarget "SahayMochanUITests" */ = {
			isa = XCConfigurationList;
			buildConfigurations = (
				FE7E0A6F2FB89EAA0096BF26 /* Debug */,
				FE7E0A702FB89EAA0096BF26 /* Release */,
			);
			defaultConfigurationIsVisible = 0;
			defaultConfigurationName = Release;
		};
/* End XCConfigurationList section */

/* Begin XCRemoteSwiftPackageReference section */
		FE7E0A712FB8A59B0096BF26 /* XCRemoteSwiftPackageReference "tensorflow" */ = {
			isa = XCRemoteSwiftPackageReference;
			repositoryURL = "https://github.com/tensorflow/tensorflow.git";
			requirement = {
				kind = upToNextMajorVersion;
				minimumVersion = 0.12.1;
			};
		};
/* End XCRemoteSwiftPackageReference section */
	};
	rootObject = FE7E0A3D2FB89EA90096BF26 /* Project object */;
}
